
Microsoft Visual Studio Solution File, Format Version 12.00
# Visual Studio Version 17
VisualStudioVersion = 17.0.31903.59
MinimumVisualStudioVersion = 10.0.40219.1
Project("{FAE04EC0-301F-11D3-BF4B-00C04F79EFBC}") = "Recursividade", "Recursividade\Recursividade.csproj", "{475E42DA-55A9-4A60-AAE2-B76F4E89C36B}"
EndProject
Project("{FAE04EC0-301F-11D3-BF4B-00C04F79EFBC}") = "Stopwatch", "Stopwatch\Stopwatch.csproj", "{50AEFED4-5501-46A0-A826-575BC5E95CD2}"
EndProject
Project("{FAE04EC0-301F-11D3-BF4B-00C04F79EFBC}") = "Calculadora", "Calculadora\Calculadora.csproj", "{CFE9574D-CD59-4D0D-8BEF-1D2A7A9B6279}"
EndProject
Project("{FAE04EC0-301F-11D3-BF4B-00C04F79EFBC}") = "EditorTexto", "EditorTexto\EditorTexto.csproj", "{70EF5786-1BF1-4CB3-A6F6-6C2613CABD5F}"
EndProject
Project("{FAE04EC0-301F-11D3-BF4B-00C04F79EFBC}") = "AdivinheONumero", "AdivinheONumero\AdivinheONumero.csproj", "{F23AEA20-8435-4649-A312-44B6044E8265}"
EndProject
Project("{FAE04EC0-301F-11D3-BF4B-00C04F79EFBC}") = "CadastroClientes", "CadastroClientes\CadastroClientes.csproj", "{5C074663-EE79-4456-9BDE-926EEBC9E4CE}"
EndProject
Project("{FAE04EC0-301F-11D3-BF4B-00C04F79EFBC}") = "EditorHtml", "EditorHtml\EditorHtml.csproj", "{D11AB6D5-A36C-45AE-90C9-FB91CFCAA496}"
EndProject
Project("{FAE04EC0-301F-11D3-BF4B-00C04F79EFBC}") = "GerenciamentoDespesas", "GerenciamentoDespesas\GerenciamentoDespesas.csproj", "{45F36211-0C4C-4317-972E-03CB61662645}"
EndProject
Project("{FAE04EC0-301F-11D3-BF4B-00C04F79EFBC}") = "Horario", "Horario\Horario.csproj", "{41B1CF84-0B70-4FF1-BF70-683327D43A17}"
EndProject
Global
	GlobalSection(SolutionConfigurationPlatforms) = preSolution
		Debug|Any CPU = Debug|Any CPU
		Release|Any CPU = Release|Any CPU
	EndGlobalSection
	GlobalSection(SolutionProperties) = preSolution
		HideSolutionNode = FALSE
	EndGlobalSection
	GlobalSection(ProjectConfigurationPlatforms) = postSolution
		{475E42DA-55A9-4A60-AAE2-B76F4E89C36B}.Debug|Any CPU.ActiveCfg = Debug|Any CPU
		{475E42DA-55A9-4A60-AAE2-B76F4E89C36B}.Debug|Any CPU.Build.0 = Debug|Any CPU
		{475E42DA-55A9-4A60-AAE2-B76F4E89C36B}.Release|Any CPU.ActiveCfg = Release|Any CPU
		{475E42DA-55A9-4A60-AAE2-B76F4E89C36B}.Release|Any CPU.Build.0 = Release|Any CPU
		{50AEFED4-5501-46A0-A826-575BC5E95CD2}.Debug|Any CPU.ActiveCfg = Debug|Any CPU
		{50AEFED4-5501-46A0-A826-575BC5E95CD2}.Debug|Any CPU.Build.0 = Debug|Any CPU
		{50AEFED4-5501-46A0-A826-575BC5E95CD2}.Release|Any CPU.ActiveCfg = Release|Any CPU
		{50AEFED4-5501-46A0-A826-575BC5E95CD2}.Release|Any CPU.Build.0 = Release|Any CPU
		{CFE9574D-CD59-4D0D-8BEF-1D2A7A9B6279}.Debug|Any CPU.ActiveCfg = Debug|Any CPU
		{CFE9574D-CD59-4D0D-8BEF-1D2A7A9B6279}.Debug|Any CPU.Build.0 = Debug|Any CPU
		{CFE9574D-CD59-4D0D-8BEF-1D2A7A9B6279}.Release|Any CPU.ActiveCfg = Release|Any CPU
		{CFE9574D-CD59-4D0D-8BEF-1D2A7A9B6279}.Release|Any CPU.Build.0 = Release|Any CPU
		{70EF5786-1BF1-4CB3-A6F6-6C2613CABD5F}.Debug|Any CPU.ActiveCfg = Debug|Any CPU
		{70EF5786-1BF1-4CB3-A6F6-6C2613CABD5F}.Debug|Any CPU.Build.0 = Debug|Any CPU
		{70EF5786-1BF1-4CB3-A6F6-6C2613CABD5F}.Release|Any CPU.ActiveCfg = Release|Any CPU
		{70EF5786-1BF1-4CB3-A6F6-6C2613CABD5F}.Release|Any CPU.Build.0 = Release|Any CPU
		{F23AEA20-8435-4649-A312-44B6044E8265}.Debug|Any CPU.ActiveCfg = Debug|Any CPU
		{F23AEA20-8435-4649-A312-44B6044E8265}.Debug|Any CPU.Build.0 = Debug|Any CPU
		{F23AEA20-8435-4649-A312-44B6044E8265}.Release|Any CPU.ActiveCfg = Release|Any CPU
		{F23AEA20-8435-4649-A312-44B6044E8265}.Release|Any CPU.Build.0 = Release|Any CPU
		{5C074663-EE79-4456-9BDE-926EEBC9E4CE}.Debug|Any CPU.ActiveCfg = Debug|Any CPU
		{5C074663-EE79-4456-9BDE-926EEBC9E4CE}.Debug|Any CPU.Build.0 = Debug|Any CPU
		{5C074663-EE79-4456-9BDE-926EEBC9E4CE}.Release|Any CPU.ActiveCfg = Release|Any CPU
		{5C074663-EE79-4456-9BDE-926EEBC9E4CE}.Release|Any CPU.Build.0 = Release|Any CPU
		{D11AB6D5-A36C-45AE-90C9-FB91CFCAA496}.Debug|Any CPU.ActiveCfg = Debug|Any CPU
		{D11AB6D5-A36C-45AE-90C9-FB91CFCAA496}.Debug|Any CPU.Build.0 = Debug|Any CPU
		{D11AB6D5-A36C-45AE-90C9-FB91CFCAA496}.Release|Any CPU.ActiveCfg = Release|Any CPU
		{D11AB6D5-A36C-45AE-90C9-FB91CFCAA496}.Release|Any CPU.Build.0 = Release|Any CPU
		{45F36211-0C4C-4317-972E-03CB61662645}.Debug|Any CPU.ActiveCfg = Debug|Any CPU
		{45F36211-0C4C-4317-972E-03CB61662645}.Debug|Any CPU.Build.0 = Debug|Any CPU
		{45F36211-0C4C-4317-972E-03CB61662645}.Release|Any CPU.ActiveCfg = Release|Any CPU
		{45F36211-0C4C-4317-972E-03CB61662645}.Release|Any CPU.Build.0 = Release|Any CPU
		{41B1CF84-0B70-4FF1-BF70-683327D43A17}.Debug|Any CPU.ActiveCfg = Debug|Any CPU
		{41B1CF84-0B70-4FF1-BF70-683327D43A17}.Debug|Any CPU.Build.0 = Debug|Any CPU
		{41B1CF84-0B70-4FF1-BF70-683327D43A17}.Release|Any CPU.ActiveCfg = Release|Any CPU
		{41B1CF84-0B70-4FF1-BF70-683327D43A17}.Release|Any CPU.Build.0 = Release|Any CPU
	EndGlobalSection
EndGlobal
